
Microsoft Visual Studio Solution File, Format Version 12.00
# Visual Studio Version 17
VisualStudioVersion = 17.9.34728.123
MinimumVisualStudioVersion = 10.0.40219.1
Project("{FAE04EC0-301F-11D3-BF4B-00C04F79EFBC}") = "APIApp", "APIApp\APIApp.csproj", "{5B800D2B-C381-4D49-A419-5D4302BEEAA1}"
EndProject
Global
	GlobalSection(SolutionConfigurationPlatforms) = preSolution
		Debug|Any CPU = Debug|Any CPU
		Release|Any CPU = Release|Any CPU
	EndGlobalSection
	GlobalSection(ProjectConfigurationPlatforms) = postSolution
		{5B800D2B-C381-4D49-A419-5D4302BEEAA1}.Debug|Any CPU.ActiveCfg = Debug|Any CPU
		{5B800D2B-C381-4D49-A419-5D4302BEEAA1}.Debug|Any CPU.Build.0 = Debug|Any CPU
		{5B800D2B-C381-4D49-A419-5D4302BEEAA1}.Release|Any CPU.ActiveCfg = Release|Any CPU
		{5B800D2B-C381-4D49-A419-5D4302BEEAA1}.Release|Any CPU.Build.0 = Release|Any CPU
	EndGlobalSection
	GlobalSection(SolutionProperties) = preSolution
		HideSolutionNode = FALSE
	EndGlobalSection
	GlobalSection(ExtensibilityGlobals) = postSolution
		SolutionGuid = {D09B6B6E-F14D-4AEF-9271-171D6FA9A122}
	EndGlobalSection
EndGlobal
